
Microsoft Visual Studio Solution File, Format Version 12.00
# Visual Studio Version 17
VisualStudioVersion = 17.6.33815.320
MinimumVisualStudioVersion = 10.0.40219.1
Project("{FAE04EC0-301F-11D3-BF4B-00C04F79EFBC}") = "Day9Assignment", "Day9Assignment\Day9Assignment.csproj", "{CD343E41-3A84-4AC9-AD89-78951E82973E}"
EndProject
Global
	GlobalSection(SolutionConfigurationPlatforms) = preSolution
		Debug|Any CPU = Debug|Any CPU
		Release|Any CPU = Release|Any CPU
	EndGlobalSection
	GlobalSection(ProjectConfigurationPlatforms) = postSolution
		{CD343E41-3A84-4AC9-AD89-78951E82973E}.Debug|Any CPU.ActiveCfg = Debug|Any CPU
		{CD343E41-3A84-4AC9-AD89-78951E82973E}.Debug|Any CPU.Build.0 = Debug|Any CPU
		{CD343E41-3A84-4AC9-AD89-78951E82973E}.Release|Any CPU.ActiveCfg = Release|Any CPU
		{CD343E41-3A84-4AC9-AD89-78951E82973E}.Release|Any CPU.Build.0 = Release|Any CPU
	EndGlobalSection
	GlobalSection(SolutionProperties) = preSolution
		HideSolutionNode = FALSE
	EndGlobalSection
	GlobalSection(ExtensibilityGlobals) = postSolution
		SolutionGuid = {4EB8D6EB-7289-4BD4-9CD4-1DDC20D19AF1}
	EndGlobalSection
EndGlobal
